// !$*UTF8*$!
{
	archiveVersion = 1;
	classes = {
	};
	objectVersion = 46;
	objects = {

/* Begin PBXBuildFile section */
		F34715B21AC28D5300E48FE9 /* main.m in Sources */ = {isa = PBXBuildFile; fileRef = F34715B11AC28D5300E48FE9 /* main.m */; };
		F34715B51AC28D5300E48FE9 /* AppDelegate.m in Sources */ = {isa = PBXBuildFile; fileRef = F34715B41AC28D5300E48FE9 /* AppDelegate.m */; };
		F34715B81AC28D5300E48FE9 /* ViewController.m in Sources */ = {isa = PBXBuildFile; fileRef = F34715B71AC28D5300E48FE9 /* ViewController.m */; };
		F34715BB1AC28D5300E48FE9 /* Main.storyboard in Resources */ = {isa = PBXBuildFile; fileRef = F34715B91AC28D5300E48FE9 /* Main.storyboard */; };
		F34715BD1AC28D5300E48FE9 /* Images.xcassets in Resources */ = {isa = PBXBuildFile; fileRef = F34715BC1AC28D5300E48FE9 /* Images.xcassets */; };
		F34715C01AC28D5300E48FE9 /* LaunchScreen.xib in Resources */ = {isa = PBXBuildFile; fileRef = F34715BE1AC28D5300E48FE9 /* LaunchScreen.xib */; };
		F34715CC1AC28D5300E48FE9 /* TableViewProjectTests.m in Sources */ = {isa = PBXBuildFile; fileRef = F34715CB1AC28D5300E48FE9 /* TableViewProjectTests.m */; };
/* End PBXBuildFile section */

/* Begin PBXContainerItemProxy section */
		F34715C61AC28D5300E48FE9 /* PBXContainerItemProxy */ = {
			isa = PBXContainerItemProxy;
			containerPortal = F34715A41AC28D5200E48FE9 /* Project object */;
			proxyType = 1;
			remoteGlobalIDString = F34715AB1AC28D5200E48FE9;
			remoteInfo = TableViewProject;
		};
/* End PBXContainerItemProxy section */

/* Begin PBXFileReference section */
		F34715AC1AC28D5200E48FE9 /* TableViewProject.app */ = {isa = PBXFileReference; explicitFileType = wrapper.application; includeInIndex = 0; path = TableViewProject.app; sourceTree = BUILT_PRODUCTS_DIR; };
		F34715B01AC28D5200E48FE9 /* Info.plist */ = {isa = PBXFileReference; lastKnownFileType = text.plist.xml; path = Info.plist; sourceTree = "<group>"; };
		F34715B11AC28D5300E48FE9 /* main.m */ = {isa = PBXFileReference; lastKnownFileType = sourcecode.c.objc; path = main.m; sourceTree = "<group>"; };
		F34715B31AC28D5300E48FE9 /* AppDelegate.h */ = {isa = PBXFileReference; lastKnownFileType = sourcecode.c.h; path = AppDelegate.h; sourceTree = "<group>"; };
		F34715B41AC28D5300E48FE9 /* AppDelegate.m */ = {isa = PBXFileReference; lastKnownFileType = sourcecode.c.objc; path = AppDelegate.m; sourceTree = "<group>"; };
		F34715B61AC28D5300E48FE9 /* ViewController.h */ = {isa = PBXFileReference; lastKnownFileType = sourcecode.c.h; path = ViewController.h; sourceTree = "<group>"; };
		F34715B71AC28D5300E48FE9 /* ViewController.m */ = {isa = PBXFileReference; lastKnownFileType = sourcecode.c.objc; path = ViewController.m; sourceTree = "<group>"; };
		F34715BA1AC28D5300E48FE9 /* Base */ = {isa = PBXFileReference; lastKnownFileType = file.storyboard; name = Base; path = Base.lproj/Main.storyboard; sourceTree = "<group>"; };
		F34715BC1AC28D5300E48FE9 /* Images.xcassets */ = {isa = PBXFileReference; lastKnownFileType = folder.assetcatalog; path = Images.xcassets; sourceTree = "<group>"; };
		F34715BF1AC28D5300E48FE9 /* Base */ = {isa = PBXFileReference; lastKnownFileType = file.xib; name = Base; path = Base.lproj/LaunchScreen.xib; sourceTree = "<group>"; };
		F34715C51AC28D5300E48FE9 /* TableViewProjectTests.xctest */ = {isa = PBXFileReference; explicitFileType = wrapper.cfbundle; includeInIndex = 0; path = TableViewProjectTests.xctest; sourceTree = BUILT_PRODUCTS_DIR; };
		F34715CA1AC28D5300E48FE9 /* Info.plist */ = {isa = PBXFileReference; lastKnownFileType = text.plist.xml; path = Info.plist; sourceTree = "<group>"; };
		F34715CB1AC28D5300E48FE9 /* TableViewProjectTests.m */ = {isa = PBXFileReference; lastKnownFileType = sourcecode.c.objc; path = TableViewProjectTests.m; sourceTree = "<group>"; };
/* End PBXFileReference section */

/* Begin PBXFrameworksBuildPhase section */
		F34715A91AC28D5200E48FE9 /* Frameworks */ = {
			isa = PBXFrameworksBuildPhase;
			buildActionMask = 2147483647;
			files = (
			);
			runOnlyForDeploymentPostprocessing = 0;
		};
		F34715C21AC28D5300E48FE9 /* Frameworks */ = {
			isa = PBXFrameworksBuildPhase;
			buildActionMask = 2147483647;
			files = (
			);
			runOnlyForDeploymentPostprocessing = 0;
		};
/* End PBXFrameworksBuildPhase section */

/* Begin PBXGroup section */
		F34715A31AC28D5200E48FE9 = {
			isa = PBXGroup;
			children = (
				F34715AE1AC28D5200E48FE9 /* TableViewProject */,
				F34715C81AC28D5300E48FE9 /* TableViewProjectTests */,
				F34715AD1AC28D5200E48FE9 /* Products */,
			);
			sourceTree = "<group>";
		};
		F34715AD1AC28D5200E48FE9 /* Products */ = {
			isa = PBXGroup;
			children = (
				F34715AC1AC28D5200E48FE9 /* TableViewProject.app */,
				F34715C51AC28D5300E48FE9 /* TableViewProjectTests.xctest */,
			);
			name = Products;
			sourceTree = "<group>";
		};
		F34715AE1AC28D5200E48FE9 /* TableViewProject */ = {
			isa = PBXGroup;
			children = (
				F34715B31AC28D5300E48FE9 /* AppDelegate.h */,
				F34715B41AC28D5300E48FE9 /* AppDelegate.m */,
				F34715B61AC28D5300E48FE9 /* ViewController.h */,
				F34715B71AC28D5300E48FE9 /* ViewController.m */,
				F34715B91AC28D5300E48FE9 /* Main.storyboard */,
				F34715BC1AC28D5300E48FE9 /* Images.xcassets */,
				F34715BE1AC28D5300E48FE9 /* LaunchScreen.xib */,
				F34715AF1AC28D5200E48FE9 /* Supporting Files */,
			);
			path = TableViewProject;
			sourceTree = "<group>";
		};
		F34715AF1AC28D5200E48FE9 /* Supporting Files */ = {
			isa = PBXGroup;
			children = (
				F34715B01AC28D5200E48FE9 /* Info.plist */,
				F34715B11AC28D5300E48FE9 /* main.m */,
			);
			name = "Supporting Files";
			sourceTree = "<group>";
		};
		F34715C81AC28D5300E48FE9 /* TableViewProjectTests */ = {
			isa = PBXGroup;
			children = (
				F34715CB1AC28D5300E48FE9 /* TableViewProjectTests.m */,
				F34715C91AC28D5300E48FE9 /* Supporting Files */,
			);
			path = TableViewProjectTests;
			sourceTree = "<group>";
		};
		F34715C91AC28D5300E48FE9 /* Supporting Files */ = {
			isa = PBXGroup;
			children = (
				F34715CA1AC28D5300E48FE9 /* Info.plist */,
			);
			name = "Supporting Files";
			sourceTree = "<group>";
		};
/* End PBXGroup section */

/* Begin PBXNativeTarget section */
		F34715AB1AC28D5200E48FE9 /* TableViewProject */ = {
			isa = PBXNativeTarget;
			buildConfigurationList = F34715CF1AC28D5300E48FE9 /* Build configuration list for PBXNativeTarget "TableViewProject" */;
			buildPhases = (
				F34715A81AC28D5200E48FE9 /* Sources */,
				F34715A91AC28D5200E48FE9 /* Frameworks */,
				F34715AA1AC28D5200E48FE9 /* Resources */,
			);
			buildRules = (
			);
			dependencies = (
			);
			name = TableViewProject;
			productName = TableViewProject;
			productReference = F34715AC1AC28D5200E48FE9 /* TableViewProject.app */;
			productType = "com.apple.product-type.application";
		};
		F34715C41AC28D5300E48FE9 /* TableViewProjectTests */ = {
			isa = PBXNativeTarget;
			buildConfigurationList = F34715D21AC28D5300E48FE9 /* Build configuration list for PBXNativeTarget "TableViewProjectTests" */;
			buildPhases = (
				F34715C11AC28D5300E48FE9 /* Sources */,
				F34715C21AC28D5300E48FE9 /* Frameworks */,
				F34715C31AC28D5300E48FE9 /* Resources */,
			);
			buildRules = (
			);
			dependencies = (
				F34715C71AC28D5300E48FE9 /* PBXTargetDependency */,
			);
			name = TableViewProjectTests;
			productName = TableViewProjectTests;
			productReference = F34715C51AC28D5300E48FE9 /* TableViewProjectTests.xctest */;
			productType = "com.apple.product-type.bundle.unit-test";
		};
/* End PBXNativeTarget section */

/* Begin PBXProject section */
		F34715A41AC28D5200E48FE9 /* Project object */ = {
			isa = PBXProject;
			attributes = {
				LastUpgradeCheck = 0620;
				ORGANIZATIONNAME = "Rafael Peres Rubira";
				TargetAttributes = {
					F34715AB1AC28D5200E48FE9 = {
						CreatedOnToolsVersion = 6.2;
					};
					F34715C41AC28D5300E48FE9 = {
						CreatedOnToolsVersion = 6.2;
						TestTargetID = F34715AB1AC28D5200E48FE9;
					};
				};
			};
			buildConfigurationList = F34715A71AC28D5200E48FE9 /* Build configuration list for PBXProject "TableViewProject" */;
			compatibilityVersion = "Xcode 3.2";
			developmentRegion = English;
			hasScannedForEncodings = 0;
			knownRegions = (
				en,
				Base,
			);
			mainGroup = F34715A31AC28D5200E48FE9;
			productRefGroup = F34715AD1AC28D5200E48FE9 /* Products */;
			projectDirPath = "";
			projectRoot = "";
			targets = (
				F34715AB1AC28D5200E48FE9 /* TableViewProject */,
				F34715C41AC28D5300E48FE9 /* TableViewProjectTests */,
			);
		};
/* End PBXProject section */

/* Begin PBXResourcesBuildPhase section */
		F34715AA1AC28D5200E48FE9 /* Resources */ = {
			isa = PBXResourcesBuildPhase;
			buildActionMask = 2147483647;
			files = (
				F34715BB1AC28D5300E48FE9 /* Main.storyboard in Resources */,
				F34715C01AC28D5300E48FE9 /* LaunchScreen.xib in Resources */,
				F34715BD1AC28D5300E48FE9 /* Images.xcassets in Resources */,
			);
			runOnlyForDeploymentPostprocessing = 0;
		};
		F34715C31AC28D5300E48FE9 /* Resources */ = {
			isa = PBXResourcesBuildPhase;
			buildActionMask = 2147483647;
			files = (
			);
			runOnlyForDeploymentPostprocessing = 0;
		};
/* End PBXResourcesBuildPhase section */

/* Begin PBXSourcesBuildPhase section */
		F34715A81AC28D5200E48FE9 /* Sources */ = {
			isa = PBXSourcesBuildPhase;
			buildActionMask = 2147483647;
			files = (
				F34715B81AC28D5300E48FE9 /* ViewController.m in Sources */,
				F34715B51AC28D5300E48FE9 /* AppDelegate.m in Sources */,
				F34715B21AC28D5300E48FE9 /* main.m in Sources */,
			);
			runOnlyForDeploymentPostprocessing = 0;
		};
		F34715C11AC28D5300E48FE9 /* Sources */ = {
			isa = PBXSourcesBuildPhase;
			buildActionMask = 2147483647;
			files = (
				F34715CC1AC28D5300E48FE9 /* TableViewProjectTests.m in Sources */,
			);
			runOnlyForDeploymentPostprocessing = 0;
		};
/* End PBXSourcesBuildPhase section */

/* Begin PBXTargetDependency section */
		F34715C71AC28D5300E48FE9 /* PBXTargetDependency */ = {
			isa = PBXTargetDependency;
			target = F34715AB1AC28D5200E48FE9 /* TableViewProject */;
			targetProxy = F34715C61AC28D5300E48FE9 /* PBXContainerItemProxy */;
		};
/* End PBXTargetDependency section */

/* Begin PBXVariantGroup section */
		F34715B91AC28D5300E48FE9 /* Main.storyboard */ = {
			isa = PBXVariantGroup;
			children = (
				F34715BA1AC28D5300E48FE9 /* Base */,
			);
			name = Main.storyboard;
			sourceTree = "<group>";
		};
		F34715BE1AC28D5300E48FE9 /* LaunchScreen.xib */ = {
			isa = PBXVariantGroup;
			children = (
				F34715BF1AC28D5300E48FE9 /* Base */,
			);
			name = LaunchScreen.xib;
			sourceTree = "<group>";
		};
/* End PBXVariantGroup section */

/* Begin XCBuildConfiguration section */
		F34715CD1AC28D5300E48FE9 /* Debug */ = {
			isa = XCBuildConfiguration;
			buildSettings = {
				ALWAYS_SEARCH_USER_PATHS = NO;
				CLANG_CXX_LANGUAGE_STANDARD = "gnu++0x";
				CLANG_CXX_LIBRARY = "libc++";
				CLANG_ENABLE_MODULES = YES;
				CLANG_ENABLE_OBJC_ARC = YES;
				CLANG_WARN_BOOL_CONVERSION = YES;
				CLANG_WARN_CONSTANT_CONVERSION = YES;
				CLANG_WARN_DIRECT_OBJC_ISA_USAGE = YES_ERROR;
				CLANG_WARN_EMPTY_BODY = YES;
				CLANG_WARN_ENUM_CONVERSION = YES;
				CLANG_WARN_INT_CONVERSION = YES;
				CLANG_WARN_OBJC_ROOT_CLASS = YES_ERROR;
				CLANG_WARN_UNREACHABLE_CODE = YES;
				CLANG_WARN__DUPLICATE_METHOD_MATCH = YES;
				"CODE_SIGN_IDENTITY[sdk=iphoneos*]" = "iPhone Developer";
				COPY_PHASE_STRIP = NO;
				ENABLE_STRICT_OBJC_MSGSEND = YES;
				GCC_C_LANGUAGE_STANDARD = gnu99;
				GCC_DYNAMIC_NO_PIC = NO;
				GCC_OPTIMIZATION_LEVEL = 0;
				GCC_PREPROCESSOR_DEFINITIONS = (
					"DEBUG=1",
					"$(inherited)",
				);
				GCC_SYMBOLS_PRIVATE_EXTERN = NO;
				GCC_WARN_64_TO_32_BIT_CONVERSION = YES;
				GCC_WARN_ABOUT_RETURN_TYPE = YES_ERROR;
				GCC_WARN_UNDECLARED_SELECTOR = YES;
				GCC_WARN_UNINITIALIZED_AUTOS = YES_AGGRESSIVE;
				GCC_WARN_UNUSED_FUNCTION = YES;
				GCC_WARN_UNUSED_VARIABLE = YES;
				IPHONEOS_DEPLOYMENT_TARGET = 8.2;
				MTL_ENABLE_DEBUG_INFO = YES;
				ONLY_ACTIVE_ARCH = YES;
				SDKROOT = iphoneos;
				TARGETED_DEVICE_FAMILY = "1,2";
			};
			name = Debug;
		};
		F34715CE1AC28D5300E48FE9 /* Release */ = {
			isa = XCBuildConfiguration;
			buildSettings = {
				ALWAYS_SEARCH_USER_PATHS = NO;
				CLANG_CXX_LANGUAGE_STANDARD = "gnu++0x";
				CLANG_CXX_LIBRARY = "libc++";
				CLANG_ENABLE_MODULES = YES;
				CLANG_ENABLE_OBJC_ARC = YES;
				CLANG_WARN_BOOL_CONVERSION = YES;
				CLANG_WARN_CONSTANT_CONVERSION = YES;
				CLANG_WARN_DIRECT_OBJC_ISA_USAGE = YES_ERROR;
				CLANG_WARN_EMPTY_BODY = YES;
				CLANG_WARN_ENUM_CONVERSION = YES;
				CLANG_WARN_INT_CONVERSION = YES;
				CLANG_WARN_OBJC_ROOT_CLASS = YES_ERROR;
				CLANG_WARN_UNREACHABLE_CODE = YES;
				CLANG_WARN__DUPLICATE_METHOD_MATCH = YES;
				"CODE_SIGN_IDENTITY[sdk=iphoneos*]" = "iPhone Developer";
				COPY_PHASE_STRIP = NO;
				ENABLE_NS_ASSERTIONS = NO;
				ENABLE_STRICT_OBJC_MSGSEND = YES;
				GCC_C_LANGUAGE_STANDARD = gnu99;
				GCC_WARN_64_TO_32_BIT_CONVERSION = YES;
				GCC_WARN_ABOUT_RETURN_TYPE = YES_ERROR;
				GCC_WARN_UNDECLARED_SELECTOR = YES;
				GCC_WARN_UNINITIALIZED_AUTOS = YES_AGGRESSIVE;
				GCC_WARN_UNUSED_FUNCTION = YES;
				GCC_WARN_UNUSED_VARIABLE = YES;
				IPHONEOS_DEPLOYMENT_TARGET = 8.2;
				MTL_ENABLE_DEBUG_INFO = NO;
				SDKROOT = iphoneos;
				TARGETED_DEVICE_FAMILY = "1,2";
				VALIDATE_PRODUCT = YES;
			};
			name = Release;
		};
		F34715D01AC28D5300E48FE9 /* Debug */ = {
			isa = XCBuildConfiguration;
			buildSettings = {
				ASSETCATALOG_COMPILER_APPICON_NAME = AppIcon;
				INFOPLIST_FILE = TableViewProject/Info.plist;
				LD_RUNPATH_SEARCH_PATHS = "$(inherited) @executable_path/Frameworks";
				PRODUCT_NAME = "$(TARGET_NAME)";
			};
			name = Debug;
		};
		F34715D11AC28D5300E48FE9 /* Release */ = {
			isa = XCBuildConfiguration;
			buildSettings = {
				ASSETCATALOG_COMPILER_APPICON_NAME = AppIcon;
				INFOPLIST_FILE = TableViewProject/Info.plist;
				LD_RUNPATH_SEARCH_PATHS = "$(inherited) @executable_path/Frameworks";
				PRODUCT_NAME = "$(TARGET_NAME)";
			};
			name = Release;
		};
		F34715D31AC28D5300E48FE9 /* Debug */ = {
			isa = XCBuildConfiguration;
			buildSettings = {
				BUNDLE_LOADER = "$(TEST_HOST)";
				FRAMEWORK_SEARCH_PATHS = (
					"$(SDKROOT)/Developer/Library/Frameworks",
					"$(inherited)",
				);
				GCC_PREPROCESSOR_DEFINITIONS = (
					"DEBUG=1",
					"$(inherited)",
				);
				INFOPLIST_FILE = TableViewProjectTests/Info.plist;
				LD_RUNPATH_SEARCH_PATHS = "$(inherited) @executable_path/Frameworks @loader_path/Frameworks";
				PRODUCT_NAME = "$(TARGET_NAME)";
				TEST_HOST = "$(BUILT_PRODUCTS_DIR)/TableViewProject.app/TableViewProject";
			};
			name = Debug;
		};
		F34715D41AC28D5300E48FE9 /* Release */ = {
			isa = XCBuildConfiguration;
			buildSettings = {
				BUNDLE_LOADER = "$(TEST_HOST)";
				FRAMEWORK_SEARCH_PATHS = (
					"$(SDKROOT)/Developer/Library/Frameworks",
					"$(inherited)",
				);
				INFOPLIST_FILE = TableViewProjectTests/Info.plist;
				LD_RUNPATH_SEARCH_PATHS = "$(inherited) @executable_path/Frameworks @loader_path/Frameworks";
				PRODUCT_NAME = "$(TARGET_NAME)";
				TEST_HOST = "$(BUILT_PRODUCTS_DIR)/TableViewProject.app/TableViewProject";
			};
			name = Release;
		};
/* End XCBuildConfiguration section */

/* Begin XCConfigurationList section */
		F34715A71AC28D5200E48FE9 /* Build configuration list for PBXProject "TableViewProject" */ = {
			isa = XCConfigurationList;
			buildConfigurations = (
				F34715CD1AC28D5300E48FE9 /* Debug */,
				F34715CE1AC28D5300E48FE9 /* Release */,
			);
			defaultConfigurationIsVisible = 0;
			defaultConfigurationName = Release;
		};
		F34715CF1AC28D5300E48FE9 /* Build configuration list for PBXNativeTarget "TableViewProject" */ = {
			isa = XCConfigurationList;
			buildConfigurations = (
				F34715D01AC28D5300E48FE9 /* Debug */,
				F34715D11AC28D5300E48FE9 /* Release */,
			);
			defaultConfigurationIsVisible = 0;
		};
		F34715D21AC28D5300E48FE9 /* Build configuration list for PBXNativeTarget "TableViewProjectTests" */ = {
			isa = XCConfigurationList;
			buildConfigurations = (
				F34715D31AC28D5300E48FE9 /* Debug */,
				F34715D41AC28D5300E48FE9 /* Release */,
			);
			defaultConfigurationIsVisible = 0;
		};
/* End XCConfigurationList section */
	};
	rootObject = F34715A41AC28D5200E48FE9 /* Project object */;
}
